
Microsoft Visual Studio Solution File, Format Version 12.00
# Visual Studio 15
VisualStudioVersion = 15.0.27703.2018
MinimumVisualStudioVersion = 10.0.40219.1
Project("{FAE04EC0-301F-11D3-BF4B-00C04F79EFBC}") = "ESFA.DC.Web.Admin.Ui", "ESFA.DC.Web.Admin.Ui\ESFA.DC.Web.Admin.Ui.csproj", "{A171EC7D-8069-4D17-95EC-A4A68EA77572}"
EndProject
Global
	GlobalSection(SolutionConfigurationPlatforms) = preSolution
		Debug|Any CPU = Debug|Any CPU
		Release|Any CPU = Release|Any CPU
	EndGlobalSection
	GlobalSection(ProjectConfigurationPlatforms) = postSolution
		{A171EC7D-8069-4D17-95EC-A4A68EA77572}.Debug|Any CPU.ActiveCfg = Debug|Any CPU
		{A171EC7D-8069-4D17-95EC-A4A68EA77572}.Debug|Any CPU.Build.0 = Debug|Any CPU
		{A171EC7D-8069-4D17-95EC-A4A68EA77572}.Release|Any CPU.ActiveCfg = Release|Any CPU
		{A171EC7D-8069-4D17-95EC-A4A68EA77572}.Release|Any CPU.Build.0 = Release|Any CPU
	EndGlobalSection
	GlobalSection(SolutionProperties) = preSolution
		HideSolutionNode = FALSE
	EndGlobalSection
	GlobalSection(ExtensibilityGlobals) = postSolution
		SolutionGuid = {A6875F99-99A2-4977-A07C-034D802D2B8C}
	EndGlobalSection
EndGlobal
